
Microsoft Visual Studio Solution File, Format Version 12.00
# Visual Studio Version 17
VisualStudioVersion = 17.9.34622.214
MinimumVisualStudioVersion = 10.0.40219.1
Project("{FAE04EC0-301F-11D3-BF4B-00C04F79EFBC}") = "Assigment C#02", "Assigment C#02\Assigment C#02.csproj", "{5A61B781-C2D0-4303-8512-A7F80DD3E475}"
EndProject
Global
	GlobalSection(SolutionConfigurationPlatforms) = preSolution
		Debug|Any CPU = Debug|Any CPU
		Release|Any CPU = Release|Any CPU
	EndGlobalSection
	GlobalSection(ProjectConfigurationPlatforms) = postSolution
		{5A61B781-C2D0-4303-8512-A7F80DD3E475}.Debug|Any CPU.ActiveCfg = Debug|Any CPU
		{5A61B781-C2D0-4303-8512-A7F80DD3E475}.Debug|Any CPU.Build.0 = Debug|Any CPU
		{5A61B781-C2D0-4303-8512-A7F80DD3E475}.Release|Any CPU.ActiveCfg = Release|Any CPU
		{5A61B781-C2D0-4303-8512-A7F80DD3E475}.Release|Any CPU.Build.0 = Release|Any CPU
	EndGlobalSection
	GlobalSection(SolutionProperties) = preSolution
		HideSolutionNode = FALSE
	EndGlobalSection
	GlobalSection(ExtensibilityGlobals) = postSolution
		SolutionGuid = {C73549D7-664E-4510-8078-363D3A6EA709}
	EndGlobalSection
EndGlobal
